
Microsoft Visual Studio Solution File, Format Version 12.00
# Visual Studio 15
VisualStudioVersion = 15.0.28307.136
MinimumVisualStudioVersion = 10.0.40219.1
Project("{FAE04EC0-301F-11D3-BF4B-00C04F79EFBC}") = "Producer", "Producer\Producer.csproj", "{9090F8C1-19DD-408F-A2F4-AA2DCC9B24D2}"
EndProject
Project("{FAE04EC0-301F-11D3-BF4B-00C04F79EFBC}") = "Consumer", "Consumer\Consumer.csproj", "{20F8AFA9-71C8-4272-886A-BBA6BC35C9B8}"
EndProject
Global
	GlobalSection(SolutionConfigurationPlatforms) = preSolution
		Debug|Any CPU = Debug|Any CPU
		Release|Any CPU = Release|Any CPU
	EndGlobalSection
	GlobalSection(ProjectConfigurationPlatforms) = postSolution
		{9090F8C1-19DD-408F-A2F4-AA2DCC9B24D2}.Debug|Any CPU.ActiveCfg = Debug|Any CPU
		{9090F8C1-19DD-408F-A2F4-AA2DCC9B24D2}.Debug|Any CPU.Build.0 = Debug|Any CPU
		{9090F8C1-19DD-408F-A2F4-AA2DCC9B24D2}.Release|Any CPU.ActiveCfg = Release|Any CPU
		{9090F8C1-19DD-408F-A2F4-AA2DCC9B24D2}.Release|Any CPU.Build.0 = Release|Any CPU
		{20F8AFA9-71C8-4272-886A-BBA6BC35C9B8}.Debug|Any CPU.ActiveCfg = Debug|Any CPU
		{20F8AFA9-71C8-4272-886A-BBA6BC35C9B8}.Debug|Any CPU.Build.0 = Debug|Any CPU
		{20F8AFA9-71C8-4272-886A-BBA6BC35C9B8}.Release|Any CPU.ActiveCfg = Release|Any CPU
		{20F8AFA9-71C8-4272-886A-BBA6BC35C9B8}.Release|Any CPU.Build.0 = Release|Any CPU
	EndGlobalSection
	GlobalSection(SolutionProperties) = preSolution
		HideSolutionNode = FALSE
	EndGlobalSection
	GlobalSection(ExtensibilityGlobals) = postSolution
		SolutionGuid = {2E52ED4A-40B4-4CA2-BDE9-F34F84FB51F4}
	EndGlobalSection
EndGlobal
